// !$*UTF8*$!
{
	archiveVersion = 1;
	classes = {
	};
	objectVersion = 55;
	objects = {

/* Begin PBXBuildFile section */
		521A047A296C1065007F54CE /* AppDelegate.swift in Sources */ = {isa = PBXBuildFile; fileRef = 521A0479296C1065007F54CE /* AppDelegate.swift */; };
		521A047C296C1065007F54CE /* SceneDelegate.swift in Sources */ = {isa = PBXBuildFile; fileRef = 521A047B296C1065007F54CE /* SceneDelegate.swift */; };
		521A047E296C1065007F54CE /* ViewController.swift in Sources */ = {isa = PBXBuildFile; fileRef = 521A047D296C1065007F54CE /* ViewController.swift */; };
		521A0481296C1065007F54CE /* Main.storyboard in Resources */ = {isa = PBXBuildFile; fileRef = 521A047F296C1065007F54CE /* Main.storyboard */; };
		521A0483296C1068007F54CE /* Assets.xcassets in Resources */ = {isa = PBXBuildFile; fileRef = 521A0482296C1068007F54CE /* Assets.xcassets */; };
		521A0486296C1068007F54CE /* LaunchScreen.storyboard in Resources */ = {isa = PBXBuildFile; fileRef = 521A0484296C1068007F54CE /* LaunchScreen.storyboard */; };
		521A0492296C2333007F54CE /* OilModel.swift in Sources */ = {isa = PBXBuildFile; fileRef = 521A0491296C2333007F54CE /* OilModel.swift */; };
		521A0494296C2960007F54CE /* OilViewModel.swift in Sources */ = {isa = PBXBuildFile; fileRef = 521A0493296C2960007F54CE /* OilViewModel.swift */; };
		521A0498296C2DA5007F54CE /* TableViewCell.swift in Sources */ = {isa = PBXBuildFile; fileRef = 521A0497296C2DA5007F54CE /* TableViewCell.swift */; };
		521A049A296D7A35007F54CE /* favoritesViewController.swift in Sources */ = {isa = PBXBuildFile; fileRef = 521A0499296D7A35007F54CE /* favoritesViewController.swift */; };
/* End PBXBuildFile section */

/* Begin PBXFileReference section */
		521A0476296C1065007F54CE /* OilApp.app */ = {isa = PBXFileReference; explicitFileType = wrapper.application; includeInIndex = 0; path = OilApp.app; sourceTree = BUILT_PRODUCTS_DIR; };
		521A0479296C1065007F54CE /* AppDelegate.swift */ = {isa = PBXFileReference; lastKnownFileType = sourcecode.swift; path = AppDelegate.swift; sourceTree = "<group>"; };
		521A047B296C1065007F54CE /* SceneDelegate.swift */ = {isa = PBXFileReference; lastKnownFileType = sourcecode.swift; path = SceneDelegate.swift; sourceTree = "<group>"; };
		521A047D296C1065007F54CE /* ViewController.swift */ = {isa = PBXFileReference; lastKnownFileType = sourcecode.swift; path = ViewController.swift; sourceTree = "<group>"; };
		521A0480296C1065007F54CE /* Base */ = {isa = PBXFileReference; lastKnownFileType = file.storyboard; name = Base; path = Base.lproj/Main.storyboard; sourceTree = "<group>"; };
		521A0482296C1068007F54CE /* Assets.xcassets */ = {isa = PBXFileReference; lastKnownFileType = folder.assetcatalog; path = Assets.xcassets; sourceTree = "<group>"; };
		521A0485296C1068007F54CE /* Base */ = {isa = PBXFileReference; lastKnownFileType = file.storyboard; name = Base; path = Base.lproj/LaunchScreen.storyboard; sourceTree = "<group>"; };
		521A0487296C1068007F54CE /* Info.plist */ = {isa = PBXFileReference; lastKnownFileType = text.plist.xml; path = Info.plist; sourceTree = "<group>"; };
		521A0491296C2333007F54CE /* OilModel.swift */ = {isa = PBXFileReference; lastKnownFileType = sourcecode.swift; path = OilModel.swift; sourceTree = "<group>"; };
		521A0493296C2960007F54CE /* OilViewModel.swift */ = {isa = PBXFileReference; lastKnownFileType = sourcecode.swift; path = OilViewModel.swift; sourceTree = "<group>"; };
		521A0497296C2DA5007F54CE /* TableViewCell.swift */ = {isa = PBXFileReference; lastKnownFileType = sourcecode.swift; path = TableViewCell.swift; sourceTree = "<group>"; };
		521A0499296D7A35007F54CE /* favoritesViewController.swift */ = {isa = PBXFileReference; lastKnownFileType = sourcecode.swift; path = favoritesViewController.swift; sourceTree = "<group>"; };
/* End PBXFileReference section */

/* Begin PBXFrameworksBuildPhase section */
		521A0473296C1065007F54CE /* Frameworks */ = {
			isa = PBXFrameworksBuildPhase;
			buildActionMask = 2147483647;
			files = (
			);
			runOnlyForDeploymentPostprocessing = 0;
		};
/* End PBXFrameworksBuildPhase section */

/* Begin PBXGroup section */
		521A046D296C1065007F54CE = {
			isa = PBXGroup;
			children = (
				521A0478296C1065007F54CE /* OilApp */,
				521A0477296C1065007F54CE /* Products */,
			);
			sourceTree = "<group>";
		};
		521A0477296C1065007F54CE /* Products */ = {
			isa = PBXGroup;
			children = (
				521A0476296C1065007F54CE /* OilApp.app */,
			);
			name = Products;
			sourceTree = "<group>";
		};
		521A0478296C1065007F54CE /* OilApp */ = {
			isa = PBXGroup;
			children = (
				521A0490296C2320007F54CE /* ViewModel */,
				521A048F296C231C007F54CE /* View */,
				521A048D296C230D007F54CE /* Model */,
				521A0479296C1065007F54CE /* AppDelegate.swift */,
				521A047B296C1065007F54CE /* SceneDelegate.swift */,
				521A047F296C1065007F54CE /* Main.storyboard */,
				521A0484296C1068007F54CE /* LaunchScreen.storyboard */,
				521A0482296C1068007F54CE /* Assets.xcassets */,
				521A0487296C1068007F54CE /* Info.plist */,
			);
			path = OilApp;
			sourceTree = "<group>";
		};
		521A048D296C230D007F54CE /* Model */ = {
			isa = PBXGroup;
			children = (
				521A0491296C2333007F54CE /* OilModel.swift */,
			);
			path = Model;
			sourceTree = "<group>";
		};
		521A048F296C231C007F54CE /* View */ = {
			isa = PBXGroup;
			children = (
				521A047D296C1065007F54CE /* ViewController.swift */,
				521A0499296D7A35007F54CE /* favoritesViewController.swift */,
				521A0497296C2DA5007F54CE /* TableViewCell.swift */,
			);
			path = View;
			sourceTree = "<group>";
		};
		521A0490296C2320007F54CE /* ViewModel */ = {
			isa = PBXGroup;
			children = (
				521A0493296C2960007F54CE /* OilViewModel.swift */,
			);
			path = ViewModel;
			sourceTree = "<group>";
		};
/* End PBXGroup section */

/* Begin PBXNativeTarget section */
		521A0475296C1065007F54CE /* OilApp */ = {
			isa = PBXNativeTarget;
			buildConfigurationList = 521A048A296C1068007F54CE /* Build configuration list for PBXNativeTarget "OilApp" */;
			buildPhases = (
				521A0472296C1065007F54CE /* Sources */,
				521A0473296C1065007F54CE /* Frameworks */,
				521A0474296C1065007F54CE /* Resources */,
			);
			buildRules = (
			);
			dependencies = (
			);
			name = OilApp;
			productName = OilApp;
			productReference = 521A0476296C1065007F54CE /* OilApp.app */;
			productType = "com.apple.product-type.application";
		};
/* End PBXNativeTarget section */

/* Begin PBXProject section */
		521A046E296C1065007F54CE /* Project object */ = {
			isa = PBXProject;
			attributes = {
				BuildIndependentTargetsInParallel = 1;
				LastSwiftUpdateCheck = 1340;
				LastUpgradeCheck = 1340;
				TargetAttributes = {
					521A0475296C1065007F54CE = {
						CreatedOnToolsVersion = 13.4.1;
					};
				};
			};
			buildConfigurationList = 521A0471296C1065007F54CE /* Build configuration list for PBXProject "OilApp" */;
			compatibilityVersion = "Xcode 13.0";
			developmentRegion = en;
			hasScannedForEncodings = 0;
			knownRegions = (
				en,
				Base,
			);
			mainGroup = 521A046D296C1065007F54CE;
			productRefGroup = 521A0477296C1065007F54CE /* Products */;
			projectDirPath = "";
			projectRoot = "";
			targets = (
				521A0475296C1065007F54CE /* OilApp */,
			);
		};
/* End PBXProject section */

/* Begin PBXResourcesBuildPhase section */
		521A0474296C1065007F54CE /* Resources */ = {
			isa = PBXResourcesBuildPhase;
			buildActionMask = 2147483647;
			files = (
				521A0486296C1068007F54CE /* LaunchScreen.storyboard in Resources */,
				521A0483296C1068007F54CE /* Assets.xcassets in Resources */,
				521A0481296C1065007F54CE /* Main.storyboard in Resources */,
			);
			runOnlyForDeploymentPostprocessing = 0;
		};
/* End PBXResourcesBuildPhase section */

/* Begin PBXSourcesBuildPhase section */
		521A0472296C1065007F54CE /* Sources */ = {
			isa = PBXSourcesBuildPhase;
			buildActionMask = 2147483647;
			files = (
				521A047E296C1065007F54CE /* ViewController.swift in Sources */,
				521A0494296C2960007F54CE /* OilViewModel.swift in Sources */,
				521A047A296C1065007F54CE /* AppDelegate.swift in Sources */,
				521A049A296D7A35007F54CE /* favoritesViewController.swift in Sources */,
				521A0498296C2DA5007F54CE /* TableViewCell.swift in Sources */,
				521A0492296C2333007F54CE /* OilModel.swift in Sources */,
				521A047C296C1065007F54CE /* SceneDelegate.swift in Sources */,
			);
			runOnlyForDeploymentPostprocessing = 0;
		};
/* End PBXSourcesBuildPhase section */

/* Begin PBXVariantGroup section */
		521A047F296C1065007F54CE /* Main.storyboard */ = {
			isa = PBXVariantGroup;
			children = (
				521A0480296C1065007F54CE /* Base */,
			);
			name = Main.storyboard;
			sourceTree = "<group>";
		};
		521A0484296C1068007F54CE /* LaunchScreen.storyboard */ = {
			isa = PBXVariantGroup;
			children = (
				521A0485296C1068007F54CE /* Base */,
			);
			name = LaunchScreen.storyboard;
			sourceTree = "<group>";
		};
/* End PBXVariantGroup section */

/* Begin XCBuildConfiguration section */
		521A0488296C1068007F54CE /* Debug */ = {
			isa = XCBuildConfiguration;
			buildSettings = {
				ALWAYS_SEARCH_USER_PATHS = NO;
				CLANG_ANALYZER_NONNULL = YES;
				CLANG_ANALYZER_NUMBER_OBJECT_CONVERSION = YES_AGGRESSIVE;
				CLANG_CXX_LANGUAGE_STANDARD = "gnu++17";
				CLANG_ENABLE_MODULES = YES;
				CLANG_ENABLE_OBJC_ARC = YES;
				CLANG_ENABLE_OBJC_WEAK = YES;
				CLANG_WARN_BLOCK_CAPTURE_AUTORELEASING = YES;
				CLANG_WARN_BOOL_CONVERSION = YES;
				CLANG_WARN_COMMA = YES;
				CLANG_WARN_CONSTANT_CONVERSION = YES;
				CLANG_WARN_DEPRECATED_OBJC_IMPLEMENTATIONS = YES;
				CLANG_WARN_DIRECT_OBJC_ISA_USAGE = YES_ERROR;
				CLANG_WARN_DOCUMENTATION_COMMENTS = YES;
				CLANG_WARN_EMPTY_BODY = YES;
				CLANG_WARN_ENUM_CONVERSION = YES;
				CLANG_WARN_INFINITE_RECURSION = YES;
				CLANG_WARN_INT_CONVERSION = YES;
				CLANG_WARN_NON_LITERAL_NULL_CONVERSION = YES;
				CLANG_WARN_OBJC_IMPLICIT_RETAIN_SELF = YES;
				CLANG_WARN_OBJC_LITERAL_CONVERSION = YES;
				CLANG_WARN_OBJC_ROOT_CLASS = YES_ERROR;
				CLANG_WARN_QUOTED_INCLUDE_IN_FRAMEWORK_HEADER = YES;
				CLANG_WARN_RANGE_LOOP_ANALYSIS = YES;
				CLANG_WARN_STRICT_PROTOTYPES = YES;
				CLANG_WARN_SUSPICIOUS_MOVE = YES;
				CLANG_WARN_UNGUARDED_AVAILABILITY = YES_AGGRESSIVE;
				CLANG_WARN_UNREACHABLE_CODE = YES;
				CLANG_WARN__DUPLICATE_METHOD_MATCH = YES;
				COPY_PHASE_STRIP = NO;
				DEBUG_INFORMATION_FORMAT = dwarf;
				ENABLE_STRICT_OBJC_MSGSEND = YES;
				ENABLE_TESTABILITY = YES;
				GCC_C_LANGUAGE_STANDARD = gnu11;
				GCC_DYNAMIC_NO_PIC = NO;
				GCC_NO_COMMON_BLOCKS = YES;
				GCC_OPTIMIZATION_LEVEL = 0;
				GCC_PREPROCESSOR_DEFINITIONS = (
					"DEBUG=1",
					"$(inherited)",
				);
				GCC_WARN_64_TO_32_BIT_CONVERSION = YES;
				GCC_WARN_ABOUT_RETURN_TYPE = YES_ERROR;
				GCC_WARN_UNDECLARED_SELECTOR = YES;
				GCC_WARN_UNINITIALIZED_AUTOS = YES_AGGRESSIVE;
				GCC_WARN_UNUSED_FUNCTION = YES;
				GCC_WARN_UNUSED_VARIABLE = YES;
				IPHONEOS_DEPLOYMENT_TARGET = 15.5;
				MTL_ENABLE_DEBUG_INFO = INCLUDE_SOURCE;
				MTL_FAST_MATH = YES;
				ONLY_ACTIVE_ARCH = YES;
				SDKROOT = iphoneos;
				SWIFT_ACTIVE_COMPILATION_CONDITIONS = DEBUG;
				SWIFT_OPTIMIZATION_LEVEL = "-Onone";
			};
			name = Debug;
		};
		521A0489296C1068007F54CE /* Release */ = {
			isa = XCBuildConfiguration;
			buildSettings = {
				ALWAYS_SEARCH_USER_PATHS = NO;
				CLANG_ANALYZER_NONNULL = YES;
				CLANG_ANALYZER_NUMBER_OBJECT_CONVERSION = YES_AGGRESSIVE;
				CLANG_CXX_LANGUAGE_STANDARD = "gnu++17";
				CLANG_ENABLE_MODULES = YES;
				CLANG_ENABLE_OBJC_ARC = YES;
				CLANG_ENABLE_OBJC_WEAK = YES;
				CLANG_WARN_BLOCK_CAPTURE_AUTORELEASING = YES;
				CLANG_WARN_BOOL_CONVERSION = YES;
				CLANG_WARN_COMMA = YES;
				CLANG_WARN_CONSTANT_CONVERSION = YES;
				CLANG_WARN_DEPRECATED_OBJC_IMPLEMENTATIONS = YES;
				CLANG_WARN_DIRECT_OBJC_ISA_USAGE = YES_ERROR;
				CLANG_WARN_DOCUMENTATION_COMMENTS = YES;
				CLANG_WARN_EMPTY_BODY = YES;
				CLANG_WARN_ENUM_CONVERSION = YES;
				CLANG_WARN_INFINITE_RECURSION = YES;
				CLANG_WARN_INT_CONVERSION = YES;
				CLANG_WARN_NON_LITERAL_NULL_CONVERSION = YES;
				CLANG_WARN_OBJC_IMPLICIT_RETAIN_SELF = YES;
				CLANG_WARN_OBJC_LITERAL_CONVERSION = YES;
				CLANG_WARN_OBJC_ROOT_CLASS = YES_ERROR;
				CLANG_WARN_QUOTED_INCLUDE_IN_FRAMEWORK_HEADER = YES;
				CLANG_WARN_RANGE_LOOP_ANALYSIS = YES;
				CLANG_WARN_STRICT_PROTOTYPES = YES;
				CLANG_WARN_SUSPICIOUS_MOVE = YES;
				CLANG_WARN_UNGUARDED_AVAILABILITY = YES_AGGRESSIVE;
				CLANG_WARN_UNREACHABLE_CODE = YES;
				CLANG_WARN__DUPLICATE_METHOD_MATCH = YES;
				COPY_PHASE_STRIP = NO;
				DEBUG_INFORMATION_FORMAT = "dwarf-with-dsym";
				ENABLE_NS_ASSERTIONS = NO;
				ENABLE_STRICT_OBJC_MSGSEND = YES;
				GCC_C_LANGUAGE_STANDARD = gnu11;
				GCC_NO_COMMON_BLOCKS = YES;
				GCC_WARN_64_TO_32_BIT_CONVERSION = YES;
				GCC_WARN_ABOUT_RETURN_TYPE = YES_ERROR;
				GCC_WARN_UNDECLARED_SELECTOR = YES;
				GCC_WARN_UNINITIALIZED_AUTOS = YES_AGGRESSIVE;
				GCC_WARN_UNUSED_FUNCTION = YES;
				GCC_WARN_UNUSED_VARIABLE = YES;
				IPHONEOS_DEPLOYMENT_TARGET = 15.5;
				MTL_ENABLE_DEBUG_INFO = NO;
				MTL_FAST_MATH = YES;
				SDKROOT = iphoneos;
				SWIFT_COMPILATION_MODE = wholemodule;
				SWIFT_OPTIMIZATION_LEVEL = "-O";
				VALIDATE_PRODUCT = YES;
			};
			name = Release;
		};
		521A048B296C1068007F54CE /* Debug */ = {
			isa = XCBuildConfiguration;
			buildSettings = {
				ASSETCATALOG_COMPILER_APPICON_NAME = AppIcon;
				ASSETCATALOG_COMPILER_GLOBAL_ACCENT_COLOR_NAME = AccentColor;
				CODE_SIGN_STYLE = Automatic;
				CURRENT_PROJECT_VERSION = 1;
				GENERATE_INFOPLIST_FILE = YES;
				INFOPLIST_FILE = OilApp/Info.plist;
				INFOPLIST_KEY_UIApplicationSupportsIndirectInputEvents = YES;
				INFOPLIST_KEY_UILaunchStoryboardName = LaunchScreen;
				INFOPLIST_KEY_UIMainStoryboardFile = Main;
				INFOPLIST_KEY_UISupportedInterfaceOrientations_iPad = "UIInterfaceOrientationPortrait UIInterfaceOrientationPortraitUpsideDown UIInterfaceOrientationLandscapeLeft UIInterfaceOrientationLandscapeRight";
				INFOPLIST_KEY_UISupportedInterfaceOrientations_iPhone = "UIInterfaceOrientationPortrait UIInterfaceOrientationLandscapeLeft UIInterfaceOrientationLandscapeRight";
				LD_RUNPATH_SEARCH_PATHS = (
					"$(inherited)",
					"@executable_path/Frameworks",
				);
				MARKETING_VERSION = 1.0;
				PRODUCT_BUNDLE_IDENTIFIER = com.hakanakkus.OilApp;
				PRODUCT_NAME = "$(TARGET_NAME)";
				SWIFT_EMIT_LOC_STRINGS = YES;
				SWIFT_VERSION = 5.0;
				TARGETED_DEVICE_FAMILY = "1,2";
			};
			name = Debug;
		};
		521A048C296C1068007F54CE /* Release */ = {
			isa = XCBuildConfiguration;
			buildSettings = {
				ASSETCATALOG_COMPILER_APPICON_NAME = AppIcon;
				ASSETCATALOG_COMPILER_GLOBAL_ACCENT_COLOR_NAME = AccentColor;
				CODE_SIGN_STYLE = Automatic;
				CURRENT_PROJECT_VERSION = 1;
				GENERATE_INFOPLIST_FILE = YES;
				INFOPLIST_FILE = OilApp/Info.plist;
				INFOPLIST_KEY_UIApplicationSupportsIndirectInputEvents = YES;
				INFOPLIST_KEY_UILaunchStoryboardName = LaunchScreen;
				INFOPLIST_KEY_UIMainStoryboardFile = Main;
				INFOPLIST_KEY_UISupportedInterfaceOrientations_iPad = "UIInterfaceOrientationPortrait UIInterfaceOrientationPortraitUpsideDown UIInterfaceOrientationLandscapeLeft UIInterfaceOrientationLandscapeRight";
				INFOPLIST_KEY_UISupportedInterfaceOrientations_iPhone = "UIInterfaceOrientationPortrait UIInterfaceOrientationLandscapeLeft UIInterfaceOrientationLandscapeRight";
				LD_RUNPATH_SEARCH_PATHS = (
					"$(inherited)",
					"@executable_path/Frameworks",
				);
				MARKETING_VERSION = 1.0;
				PRODUCT_BUNDLE_IDENTIFIER = com.hakanakkus.OilApp;
				PRODUCT_NAME = "$(TARGET_NAME)";
				SWIFT_EMIT_LOC_STRINGS = YES;
				SWIFT_VERSION = 5.0;
				TARGETED_DEVICE_FAMILY = "1,2";
			};
			name = Release;
		};
/* End XCBuildConfiguration section */

/* Begin XCConfigurationList section */
		521A0471296C1065007F54CE /* Build configuration list for PBXProject "OilApp" */ = {
			isa = XCConfigurationList;
			buildConfigurations = (
				521A0488296C1068007F54CE /* Debug */,
				521A0489296C1068007F54CE /* Release */,
			);
			defaultConfigurationIsVisible = 0;
			defaultConfigurationName = Release;
		};
		521A048A296C1068007F54CE /* Build configuration list for PBXNativeTarget "OilApp" */ = {
			isa = XCConfigurationList;
			buildConfigurations = (
				521A048B296C1068007F54CE /* Debug */,
				521A048C296C1068007F54CE /* Release */,
			);
			defaultConfigurationIsVisible = 0;
			defaultConfigurationName = Release;
		};
/* End XCConfigurationList section */
	};
	rootObject = 521A046E296C1065007F54CE /* Project object */;
}
